// !$*UTF8*$!
{
	archiveVersion = 1;
	classes = {
	};
	objectVersion = 46;
	objects = {

/* Begin PBXBuildFile section */
		D5866CFE1D6DAC3F0000555D /* AppDelegate.swift in Sources */ = {isa = PBXBuildFile; fileRef = D5866CFD1D6DAC3F0000555D /* AppDelegate.swift */; };
		D5866D001D6DAC3F0000555D /* ViewController.swift in Sources */ = {isa = PBXBuildFile; fileRef = D5866CFF1D6DAC3F0000555D /* ViewController.swift */; };
		D5866D031D6DAC3F0000555D /* Main.storyboard in Resources */ = {isa = PBXBuildFile; fileRef = D5866D011D6DAC3F0000555D /* Main.storyboard */; };
		D5866D051D6DAC3F0000555D /* Assets.xcassets in Resources */ = {isa = PBXBuildFile; fileRef = D5866D041D6DAC3F0000555D /* Assets.xcassets */; };
		D5866D081D6DAC3F0000555D /* LaunchScreen.storyboard in Resources */ = {isa = PBXBuildFile; fileRef = D5866D061D6DAC3F0000555D /* LaunchScreen.storyboard */; };
/* End PBXBuildFile section */

/* Begin PBXFileReference section */
		D5866CFA1D6DAC3F0000555D /* SuperCool.app */ = {isa = PBXFileReference; explicitFileType = wrapper.application; includeInIndex = 0; path = SuperCool.app; sourceTree = BUILT_PRODUCTS_DIR; };
		D5866CFD1D6DAC3F0000555D /* AppDelegate.swift */ = {isa = PBXFileReference; lastKnownFileType = sourcecode.swift; path = AppDelegate.swift; sourceTree = "<group>"; };
		D5866CFF1D6DAC3F0000555D /* ViewController.swift */ = {isa = PBXFileReference; lastKnownFileType = sourcecode.swift; path = ViewController.swift; sourceTree = "<group>"; };
		D5866D021D6DAC3F0000555D /* Base */ = {isa = PBXFileReference; lastKnownFileType = file.storyboard; name = Base; path = Base.lproj/Main.storyboard; sourceTree = "<group>"; };
		D5866D041D6DAC3F0000555D /* Assets.xcassets */ = {isa = PBXFileReference; lastKnownFileType = folder.assetcatalog; path = Assets.xcassets; sourceTree = "<group>"; };
		D5866D071D6DAC3F0000555D /* Base */ = {isa = PBXFileReference; lastKnownFileType = file.storyboard; name = Base; path = Base.lproj/LaunchScreen.storyboard; sourceTree = "<group>"; };
		D5866D091D6DAC3F0000555D /* Info.plist */ = {isa = PBXFileReference; lastKnownFileType = text.plist.xml; path = Info.plist; sourceTree = "<group>"; };
/* End PBXFileReference section */

/* Begin PBXFrameworksBuildPhase section */
		D5866CF71D6DAC3F0000555D /* Frameworks */ = {
			isa = PBXFrameworksBuildPhase;
			buildActionMask = 2147483647;
			files = (
			);
			runOnlyForDeploymentPostprocessing = 0;
		};
/* End PBXFrameworksBuildPhase section */

/* Begin PBXGroup section */
		D5866CF11D6DAC3F0000555D = {
			isa = PBXGroup;
			children = (
				D5866CFC1D6DAC3F0000555D /* SuperCool */,
				D5866CFB1D6DAC3F0000555D /* Products */,
			);
			sourceTree = "<group>";
		};
		D5866CFB1D6DAC3F0000555D /* Products */ = {
			isa = PBXGroup;
			children = (
				D5866CFA1D6DAC3F0000555D /* SuperCool.app */,
			);
			name = Products;
			sourceTree = "<group>";
		};
		D5866CFC1D6DAC3F0000555D /* SuperCool */ = {
			isa = PBXGroup;
			children = (
				D5866CFD1D6DAC3F0000555D /* AppDelegate.swift */,
				D5866CFF1D6DAC3F0000555D /* ViewController.swift */,
				D5866D011D6DAC3F0000555D /* Main.storyboard */,
				D5866D041D6DAC3F0000555D /* Assets.xcassets */,
				D5866D061D6DAC3F0000555D /* LaunchScreen.storyboard */,
				D5866D091D6DAC3F0000555D /* Info.plist */,
			);
			path = SuperCool;
			sourceTree = "<group>";
		};
/* End PBXGroup section */

/* Begin PBXNativeTarget section */
		D5866CF91D6DAC3F0000555D /* SuperCool */ = {
			isa = PBXNativeTarget;
			buildConfigurationList = D5866D0C1D6DAC3F0000555D /* Build configuration list for PBXNativeTarget "SuperCool" */;
			buildPhases = (
				D5866CF61D6DAC3F0000555D /* Sources */,
				D5866CF71D6DAC3F0000555D /* Frameworks */,
				D5866CF81D6DAC3F0000555D /* Resources */,
			);
			buildRules = (
			);
			dependencies = (
			);
			name = SuperCool;
			productName = SuperCool;
			productReference = D5866CFA1D6DAC3F0000555D /* SuperCool.app */;
			productType = "com.apple.product-type.application";
		};
/* End PBXNativeTarget section */

/* Begin PBXProject section */
		D5866CF21D6DAC3F0000555D /* Project object */ = {
			isa = PBXProject;
			attributes = {
				LastSwiftUpdateCheck = 0730;
				LastUpgradeCheck = 0730;
				ORGANIZATIONNAME = "phatcharaphan ananpreechakun";
				TargetAttributes = {
					D5866CF91D6DAC3F0000555D = {
						CreatedOnToolsVersion = 7.3.1;
					};
				};
			};
			buildConfigurationList = D5866CF51D6DAC3F0000555D /* Build configuration list for PBXProject "SuperCool" */;
			compatibilityVersion = "Xcode 3.2";
			developmentRegion = English;
			hasScannedForEncodings = 0;
			knownRegions = (
				en,
				Base,
			);
			mainGroup = D5866CF11D6DAC3F0000555D;
			productRefGroup = D5866CFB1D6DAC3F0000555D /* Products */;
			projectDirPath = "";
			projectRoot = "";
			targets = (
				D5866CF91D6DAC3F0000555D /* SuperCool */,
			);
		};
/* End PBXProject section */

/* Begin PBXResourcesBuildPhase section */
		D5866CF81D6DAC3F0000555D /* Resources */ = {
			isa = PBXResourcesBuildPhase;
			buildActionMask = 2147483647;
			files = (
				D5866D081D6DAC3F0000555D /* LaunchScreen.storyboard in Resources */,
				D5866D051D6DAC3F0000555D /* Assets.xcassets in Resources */,
				D5866D031D6DAC3F0000555D /* Main.storyboard in Resources */,
			);
			runOnlyForDeploymentPostprocessing = 0;
		};
/* End PBXResourcesBuildPhase section */

/* Begin PBXSourcesBuildPhase section */
		D5866CF61D6DAC3F0000555D /* Sources */ = {
			isa = PBXSourcesBuildPhase;
			buildActionMask = 2147483647;
			files = (
				D5866D001D6DAC3F0000555D /* ViewController.swift in Sources */,
				D5866CFE1D6DAC3F0000555D /* AppDelegate.swift in Sources */,
			);
			runOnlyForDeploymentPostprocessing = 0;
		};
/* End PBXSourcesBuildPhase section */

/* Begin PBXVariantGroup section */
		D5866D011D6DAC3F0000555D /* Main.storyboard */ = {
			isa = PBXVariantGroup;
			children = (
				D5866D021D6DAC3F0000555D /* Base */,
			);
			name = Main.storyboard;
			sourceTree = "<group>";
		};
		D5866D061D6DAC3F0000555D /* LaunchScreen.storyboard */ = {
			isa = PBXVariantGroup;
			children = (
				D5866D071D6DAC3F0000555D /* Base */,
			);
			name = LaunchScreen.storyboard;
			sourceTree = "<group>";
		};
/* End PBXVariantGroup section */

/* Begin XCBuildConfiguration section */
		D5866D0A1D6DAC3F0000555D /* Debug */ = {
			isa = XCBuildConfiguration;
			buildSettings = {
				ALWAYS_SEARCH_USER_PATHS = NO;
				CLANG_ANALYZER_NONNULL = YES;
				CLANG_CXX_LANGUAGE_STANDARD = "gnu++0x";
				CLANG_CXX_LIBRARY = "libc++";
				CLANG_ENABLE_MODULES = YES;
				CLANG_ENABLE_OBJC_ARC = YES;
				CLANG_WARN_BOOL_CONVERSION = YES;
				CLANG_WARN_CONSTANT_CONVERSION = YES;
				CLANG_WARN_DIRECT_OBJC_ISA_USAGE = YES_ERROR;
				CLANG_WARN_EMPTY_BODY = YES;
				CLANG_WARN_ENUM_CONVERSION = YES;
				CLANG_WARN_INT_CONVERSION = YES;
				CLANG_WARN_OBJC_ROOT_CLASS = YES_ERROR;
				CLANG_WARN_UNREACHABLE_CODE = YES;
				CLANG_WARN__DUPLICATE_METHOD_MATCH = YES;
				"CODE_SIGN_IDENTITY[sdk=iphoneos*]" = "iPhone Developer";
				COPY_PHASE_STRIP = NO;
				DEBUG_INFORMATION_FORMAT = dwarf;
				ENABLE_STRICT_OBJC_MSGSEND = YES;
				ENABLE_TESTABILITY = YES;
				GCC_C_LANGUAGE_STANDARD = gnu99;
				GCC_DYNAMIC_NO_PIC = NO;
				GCC_NO_COMMON_BLOCKS = YES;
				GCC_OPTIMIZATION_LEVEL = 0;
				GCC_PREPROCESSOR_DEFINITIONS = (
					"DEBUG=1",
					"$(inherited)",
				);
				GCC_WARN_64_TO_32_BIT_CONVERSION = YES;
				GCC_WARN_ABOUT_RETURN_TYPE = YES_ERROR;
				GCC_WARN_UNDECLARED_SELECTOR = YES;
				GCC_WARN_UNINITIALIZED_AUTOS = YES_AGGRESSIVE;
				GCC_WARN_UNUSED_FUNCTION = YES;
				GCC_WARN_UNUSED_VARIABLE = YES;
				IPHONEOS_DEPLOYMENT_TARGET = 9.3;
				MTL_ENABLE_DEBUG_INFO = YES;
				ONLY_ACTIVE_ARCH = YES;
				SDKROOT = iphoneos;
				SWIFT_OPTIMIZATION_LEVEL = "-Onone";
				TARGETED_DEVICE_FAMILY = "1,2";
			};
			name = Debug;
		};
		D5866D0B1D6DAC3F0000555D /* Release */ = {
			isa = XCBuildConfiguration;
			buildSettings = {
				ALWAYS_SEARCH_USER_PATHS = NO;
				CLANG_ANALYZER_NONNULL = YES;
				CLANG_CXX_LANGUAGE_STANDARD = "gnu++0x";
				CLANG_CXX_LIBRARY = "libc++";
				CLANG_ENABLE_MODULES = YES;
				CLANG_ENABLE_OBJC_ARC = YES;
				CLANG_WARN_BOOL_CONVERSION = YES;
				CLANG_WARN_CONSTANT_CONVERSION = YES;
				CLANG_WARN_DIRECT_OBJC_ISA_USAGE = YES_ERROR;
				CLANG_WARN_EMPTY_BODY = YES;
				CLANG_WARN_ENUM_CONVERSION = YES;
				CLANG_WARN_INT_CONVERSION = YES;
				CLANG_WARN_OBJC_ROOT_CLASS = YES_ERROR;
				CLANG_WARN_UNREACHABLE_CODE = YES;
				CLANG_WARN__DUPLICATE_METHOD_MATCH = YES;
				"CODE_SIGN_IDENTITY[sdk=iphoneos*]" = "iPhone Developer";
				COPY_PHASE_STRIP = NO;
				DEBUG_INFORMATION_FORMAT = "dwarf-with-dsym";
				ENABLE_NS_ASSERTIONS = NO;
				ENABLE_STRICT_OBJC_MSGSEND = YES;
				GCC_C_LANGUAGE_STANDARD = gnu99;
				GCC_NO_COMMON_BLOCKS = YES;
				GCC_WARN_64_TO_32_BIT_CONVERSION = YES;
				GCC_WARN_ABOUT_RETURN_TYPE = YES_ERROR;
				GCC_WARN_UNDECLARED_SELECTOR = YES;
				GCC_WARN_UNINITIALIZED_AUTOS = YES_AGGRESSIVE;
				GCC_WARN_UNUSED_FUNCTION = YES;
				GCC_WARN_UNUSED_VARIABLE = YES;
				IPHONEOS_DEPLOYMENT_TARGET = 9.3;
				MTL_ENABLE_DEBUG_INFO = NO;
				SDKROOT = iphoneos;
				TARGETED_DEVICE_FAMILY = "1,2";
				VALIDATE_PRODUCT = YES;
			};
			name = Release;
		};
		D5866D0D1D6DAC3F0000555D /* Debug */ = {
			isa = XCBuildConfiguration;
			buildSettings = {
				ASSETCATALOG_COMPILER_APPICON_NAME = AppIcon;
				INFOPLIST_FILE = SuperCool/Info.plist;
				LD_RUNPATH_SEARCH_PATHS = "$(inherited) @executable_path/Frameworks";
				PRODUCT_BUNDLE_IDENTIFIER = phatpan.SuperCool;
				PRODUCT_NAME = "$(TARGET_NAME)";
			};
			name = Debug;
		};
		D5866D0E1D6DAC3F0000555D /* Release */ = {
			isa = XCBuildConfiguration;
			buildSettings = {
				ASSETCATALOG_COMPILER_APPICON_NAME = AppIcon;
				INFOPLIST_FILE = SuperCool/Info.plist;
				LD_RUNPATH_SEARCH_PATHS = "$(inherited) @executable_path/Frameworks";
				PRODUCT_BUNDLE_IDENTIFIER = phatpan.SuperCool;
				PRODUCT_NAME = "$(TARGET_NAME)";
			};
			name = Release;
		};
/* End XCBuildConfiguration section */

/* Begin XCConfigurationList section */
		D5866CF51D6DAC3F0000555D /* Build configuration list for PBXProject "SuperCool" */ = {
			isa = XCConfigurationList;
			buildConfigurations = (
				D5866D0A1D6DAC3F0000555D /* Debug */,
				D5866D0B1D6DAC3F0000555D /* Release */,
			);
			defaultConfigurationIsVisible = 0;
			defaultConfigurationName = Release;
		};
		D5866D0C1D6DAC3F0000555D /* Build configuration list for PBXNativeTarget "SuperCool" */ = {
			isa = XCConfigurationList;
			buildConfigurations = (
				D5866D0D1D6DAC3F0000555D /* Debug */,
				D5866D0E1D6DAC3F0000555D /* Release */,
			);
			defaultConfigurationIsVisible = 0;
		};
/* End XCConfigurationList section */
	};
	rootObject = D5866CF21D6DAC3F0000555D /* Project object */;
}
